
Microsoft Visual Studio Solution File, Format Version 12.00
# Visual Studio Version 16
VisualStudioVersion = 16.0.30308.118
MinimumVisualStudioVersion = 10.0.40219.1
Project("{9A19103F-16F7-4668-BE54-9A1E7A4F7556}") = "HouseCleanersApi", "HouseCleanersApi.csproj", "{EB894A4B-9CD8-4130-89CC-17A03A847C7B}"
EndProject
Project("{9A19103F-16F7-4668-BE54-9A1E7A4F7556}") = "EmailService", "..\EmailService\EmailService.csproj", "{914398BB-A552-46DD-AC92-DD8E5588035A}"
EndProject
Global
	GlobalSection(SolutionConfigurationPlatforms) = preSolution
		Debug|Any CPU = Debug|Any CPU
		Release|Any CPU = Release|Any CPU
	EndGlobalSection
	GlobalSection(ProjectConfigurationPlatforms) = postSolution
		{EB894A4B-9CD8-4130-89CC-17A03A847C7B}.Debug|Any CPU.ActiveCfg = Debug|Any CPU
		{EB894A4B-9CD8-4130-89CC-17A03A847C7B}.Debug|Any CPU.Build.0 = Debug|Any CPU
		{EB894A4B-9CD8-4130-89CC-17A03A847C7B}.Release|Any CPU.ActiveCfg = Release|Any CPU
		{EB894A4B-9CD8-4130-89CC-17A03A847C7B}.Release|Any CPU.Build.0 = Release|Any CPU
		{914398BB-A552-46DD-AC92-DD8E5588035A}.Debug|Any CPU.ActiveCfg = Debug|Any CPU
		{914398BB-A552-46DD-AC92-DD8E5588035A}.Debug|Any CPU.Build.0 = Debug|Any CPU
		{914398BB-A552-46DD-AC92-DD8E5588035A}.Release|Any CPU.ActiveCfg = Release|Any CPU
		{914398BB-A552-46DD-AC92-DD8E5588035A}.Release|Any CPU.Build.0 = Release|Any CPU
	EndGlobalSection
	GlobalSection(SolutionProperties) = preSolution
		HideSolutionNode = FALSE
	EndGlobalSection
	GlobalSection(ExtensibilityGlobals) = postSolution
		SolutionGuid = {AE55147A-E13F-4DCA-A1A8-4DD803306463}
	EndGlobalSection
EndGlobal
